
Microsoft Visual Studio Solution File, Format Version 12.00
# Visual Studio 15
VisualStudioVersion = 15.0.26730.16
MinimumVisualStudioVersion = 10.0.40219.1
Project("{F2A71F9B-5D33-465A-A702-920D77279786}") = "TweeTools", "TweeTools\TweeTools.fsproj", "{4583B818-D4A1-43A2-903F-90144812CFB2}"
EndProject
Global
	GlobalSection(SolutionConfigurationPlatforms) = preSolution
		Debug|Any CPU = Debug|Any CPU
		Release|Any CPU = Release|Any CPU
	EndGlobalSection
	GlobalSection(ProjectConfigurationPlatforms) = postSolution
		{4583B818-D4A1-43A2-903F-90144812CFB2}.Debug|Any CPU.ActiveCfg = Debug|Any CPU
		{4583B818-D4A1-43A2-903F-90144812CFB2}.Debug|Any CPU.Build.0 = Debug|Any CPU
		{4583B818-D4A1-43A2-903F-90144812CFB2}.Release|Any CPU.ActiveCfg = Release|Any CPU
		{4583B818-D4A1-43A2-903F-90144812CFB2}.Release|Any CPU.Build.0 = Release|Any CPU
	EndGlobalSection
	GlobalSection(SolutionProperties) = preSolution
		HideSolutionNode = FALSE
	EndGlobalSection
	GlobalSection(ExtensibilityGlobals) = postSolution
		SolutionGuid = {4AAF5E42-DA35-4020-836F-C9D6FC6812A4}
	EndGlobalSection
EndGlobal
